
Microsoft Visual Studio Solution File, Format Version 12.00
# Visual Studio Version 17
VisualStudioVersion = 17.3.32929.385
MinimumVisualStudioVersion = 10.0.40219.1
Project("{FAE04EC0-301F-11D3-BF4B-00C04F79EFBC}") = "YildizlarlaSekilCizme2", "YildizlarlaSekilCizme2\YildizlarlaSekilCizme2.csproj", "{19056004-DEA3-44E4-AD00-CE0B9A557A27}"
EndProject
Global
	GlobalSection(SolutionConfigurationPlatforms) = preSolution
		Debug|Any CPU = Debug|Any CPU
		Release|Any CPU = Release|Any CPU
	EndGlobalSection
	GlobalSection(ProjectConfigurationPlatforms) = postSolution
		{19056004-DEA3-44E4-AD00-CE0B9A557A27}.Debug|Any CPU.ActiveCfg = Debug|Any CPU
		{19056004-DEA3-44E4-AD00-CE0B9A557A27}.Debug|Any CPU.Build.0 = Debug|Any CPU
		{19056004-DEA3-44E4-AD00-CE0B9A557A27}.Release|Any CPU.ActiveCfg = Release|Any CPU
		{19056004-DEA3-44E4-AD00-CE0B9A557A27}.Release|Any CPU.Build.0 = Release|Any CPU
	EndGlobalSection
	GlobalSection(SolutionProperties) = preSolution
		HideSolutionNode = FALSE
	EndGlobalSection
	GlobalSection(ExtensibilityGlobals) = postSolution
		SolutionGuid = {F6D0D505-9680-40B2-81A8-9717D937D381}
	EndGlobalSection
EndGlobal
