
Microsoft Visual Studio Solution File, Format Version 12.00
# Visual Studio Version 17
VisualStudioVersion = 17.3.32929.385
MinimumVisualStudioVersion = 10.0.40219.1
Project("{FAE04EC0-301F-11D3-BF4B-00C04F79EFBC}") = "YildizlarlaSekilCizme4", "YildizlarlaSekilCizme4\YildizlarlaSekilCizme4.csproj", "{43F49DF6-F97D-4EAC-8633-8D400895FE3C}"
EndProject
Global
	GlobalSection(SolutionConfigurationPlatforms) = preSolution
		Debug|Any CPU = Debug|Any CPU
		Release|Any CPU = Release|Any CPU
	EndGlobalSection
	GlobalSection(ProjectConfigurationPlatforms) = postSolution
		{43F49DF6-F97D-4EAC-8633-8D400895FE3C}.Debug|Any CPU.ActiveCfg = Debug|Any CPU
		{43F49DF6-F97D-4EAC-8633-8D400895FE3C}.Debug|Any CPU.Build.0 = Debug|Any CPU
		{43F49DF6-F97D-4EAC-8633-8D400895FE3C}.Release|Any CPU.ActiveCfg = Release|Any CPU
		{43F49DF6-F97D-4EAC-8633-8D400895FE3C}.Release|Any CPU.Build.0 = Release|Any CPU
	EndGlobalSection
	GlobalSection(SolutionProperties) = preSolution
		HideSolutionNode = FALSE
	EndGlobalSection
	GlobalSection(ExtensibilityGlobals) = postSolution
		SolutionGuid = {1B0B00A7-DFC1-4FE9-B852-DC5D169C8D69}
	EndGlobalSection
EndGlobal
